{
    "_readme": [
        "This file locks the dependencies of your project to a known state",
        "Read more about it at https://getcomposer.org/doc/01-basic-usage.md#installing-dependencies",
        "This file is @generated automatically"
    ],
    "content-hash": "901c5f26edc1c2ea74596065acd68222",
    "packages": [
        {
            "name": "yohns/config",
            "version": "1.0.1",
            "source": {
                "type": "git",
                "url": "https://github.com/Yohn/Config.git",
                "reference": "6b9242c524cedb3434b444a4e1c3013e6f6e5af1"
            },
            "dist": {
                "type": "zip",
                "url": "https://api.github.com/repos/Yohn/Config/zipball/6b9242c524cedb3434b444a4e1c3013e6f6e5af1",
                "reference": "6b9242c524cedb3434b444a4e1c3013e6f6e5af1",
                "shasum": ""
            },
            "require": {
                "php": "^8.0"
            },
            "type": "project",
            "autoload": {
                "psr-4": {
                    "Yohns\\Core\\": "Core/"
                }
            },
            "notification-url": "https://packagist.org/downloads/",
            "license": [
                "MIT"
            ],
            "authors": [
                {
                    "name": "John Brittain III",
                    "email": "Yohn@coming-soon.com",
                    "homepage": "https://github.com/Yohn",
                    "role": "Developer"
                }
            ],
            "description": "Loading files in config folder and set in an array for use later.",
            "support": {
                "issues": "https://github.com/Yohn/Config/issues",
                "source": "https://github.com/Yohn/Config/tree/1.0.1"
            },
            "time": "2024-10-25T04:04:15+00:00"
        },
        {
            "name": "yohns/lang",
            "version": "0.1.1",
            "source": {
                "type": "git",
                "url": "https://github.com/Yohn/Lang.git",
                "reference": "aa3c31712813703669e13f1e66996b119298eb51"
            },
            "dist": {
                "type": "zip",
                "url": "https://api.github.com/repos/Yohn/Lang/zipball/aa3c31712813703669e13f1e66996b119298eb51",
                "reference": "aa3c31712813703669e13f1e66996b119298eb51",
                "shasum": ""
            },
            "require": {
                "php": "^8.0"
            },
            "require-dev": {
                "clean/phpdoc-md": "^0.19.3"
            },
            "type": "library",
            "autoload": {
                "psr-4": {
                    "Yohns\\Lang\\": "Yohns/Lang/"
                }
            },
            "notification-url": "https://packagist.org/downloads/",
            "license": [
                "MIT"
            ],
            "authors": [
                {
                    "name": "John Brittain III",
                    "email": "Yohn@coming-soon.com",
                    "homepage": "https://github.com/Yohn",
                    "role": "Developer"
                }
            ],
            "description": "Simple and easy language class for php to be able to easily create translations for your text.",
            "support": {
                "issues": "https://github.com/Yohn/Lang/issues",
                "source": "https://github.com/Yohn/Lang/tree/0.1.1"
            },
            "time": "2024-10-28T11:45:04+00:00"
        }
    ],
    "packages-dev": [],
    "aliases": [],
    "minimum-stability": "stable",
    "stability-flags": [],
    "prefer-stable": false,
    "prefer-lowest": false,
    "platform": [],
    "platform-dev": [],
    "plugin-api-version": "2.3.0"
}
